// !$*UTF8*$!
{
	archiveVersion = 1;
	classes = {
	};
	objectVersion = 56;
	objects = {

/* Begin PBXBuildFile section */
		4842D1B12CE5FC1F00A5F246 /* BottomBarView.swift in Sources */ = {isa = PBXBuildFile; fileRef = 4842D1B02CE5FC1F00A5F246 /* BottomBarView.swift */; };
		4842D1BE2CE8A85100A5F246 /* UIViewController+Ex.swift in Sources */ = {isa = PBXBuildFile; fileRef = 4842D1BD2CE8A85100A5F246 /* UIViewController+Ex.swift */; };
		488899122C7E28CF00672CCD /* AppDelegate.swift in Sources */ = {isa = PBXBuildFile; fileRef = 488899112C7E28CF00672CCD /* AppDelegate.swift */; };
		488899142C7E28CF00672CCD /* SceneDelegate.swift in Sources */ = {isa = PBXBuildFile; fileRef = 488899132C7E28CF00672CCD /* SceneDelegate.swift */; };
		488899162C7E28CF00672CCD /* TodosViewController.swift in Sources */ = {isa = PBXBuildFile; fileRef = 488899152C7E28CF00672CCD /* TodosViewController.swift */; };
		4888991C2C7E28CF00672CCD /* ToDoList.xcdatamodeld in Sources */ = {isa = PBXBuildFile; fileRef = 4888991A2C7E28CF00672CCD /* ToDoList.xcdatamodeld */; };
		4888991E2C7E28D100672CCD /* Assets.xcassets in Resources */ = {isa = PBXBuildFile; fileRef = 4888991D2C7E28D100672CCD /* Assets.xcassets */; };
		488899212C7E28D100672CCD /* Base in Resources */ = {isa = PBXBuildFile; fileRef = 488899202C7E28D100672CCD /* Base */; };
		4888992C2C7E2A7900672CCD /* ApiTask.swift in Sources */ = {isa = PBXBuildFile; fileRef = 4888992B2C7E2A7900672CCD /* ApiTask.swift */; };
		488899302C7E2AF400672CCD /* NetworkManager.swift in Sources */ = {isa = PBXBuildFile; fileRef = 4888992F2C7E2AF400672CCD /* NetworkManager.swift */; };
		488899322C7E2E6800672CCD /* Todos.swift in Sources */ = {isa = PBXBuildFile; fileRef = 488899312C7E2E6800672CCD /* Todos.swift */; };
		488899352C7E336500672CCD /* TaskViewController.swift in Sources */ = {isa = PBXBuildFile; fileRef = 488899342C7E336500672CCD /* TaskViewController.swift */; };
		4888993B2C7F0FD500672CCD /* Task+CoreDataClass.swift in Sources */ = {isa = PBXBuildFile; fileRef = 488899392C7F0FD500672CCD /* Task+CoreDataClass.swift */; };
		4888993E2C7F10AA00672CCD /* CoreDataManager.swift in Sources */ = {isa = PBXBuildFile; fileRef = 4888993D2C7F10AA00672CCD /* CoreDataManager.swift */; };
		488899412C7F2A4E00672CCD /* Date+Ex.swift in Sources */ = {isa = PBXBuildFile; fileRef = 488899402C7F2A4E00672CCD /* Date+Ex.swift */; };
		488899432C7F2E8D00672CCD /* TaskCell.swift in Sources */ = {isa = PBXBuildFile; fileRef = 488899422C7F2E8D00672CCD /* TaskCell.swift */; };
		488899452C7F33AA00672CCD /* CustomLabel.swift in Sources */ = {isa = PBXBuildFile; fileRef = 488899442C7F33AA00672CCD /* CustomLabel.swift */; };
		4888994A2C80B6F600672CCD /* TodosPresenter.swift in Sources */ = {isa = PBXBuildFile; fileRef = 488899492C80B6F600672CCD /* TodosPresenter.swift */; };
		4888994C2C80B77000672CCD /* TodosRouter.swift in Sources */ = {isa = PBXBuildFile; fileRef = 4888994B2C80B77000672CCD /* TodosRouter.swift */; };
		4888994E2C80B7C000672CCD /* TodosInteractor.swift in Sources */ = {isa = PBXBuildFile; fileRef = 4888994D2C80B7C000672CCD /* TodosInteractor.swift */; };
		488899512C80B9A000672CCD /* TodosModuleBuilder.swift in Sources */ = {isa = PBXBuildFile; fileRef = 488899502C80B9A000672CCD /* TodosModuleBuilder.swift */; };
		488899532C80DBA700672CCD /* TaskInteractor.swift in Sources */ = {isa = PBXBuildFile; fileRef = 488899522C80DBA700672CCD /* TaskInteractor.swift */; };
		488899552C80DBB400672CCD /* TaskPresenter.swift in Sources */ = {isa = PBXBuildFile; fileRef = 488899542C80DBB400672CCD /* TaskPresenter.swift */; };
		488899572C80DBC100672CCD /* TaskRouter.swift in Sources */ = {isa = PBXBuildFile; fileRef = 488899562C80DBC100672CCD /* TaskRouter.swift */; };
		488899592C80DBCF00672CCD /* TaskModuleBuilder.swift in Sources */ = {isa = PBXBuildFile; fileRef = 488899582C80DBCF00672CCD /* TaskModuleBuilder.swift */; };
		4888995B2C80E5DB00672CCD /* TaskCellInteractor.swift in Sources */ = {isa = PBXBuildFile; fileRef = 4888995A2C80E5DB00672CCD /* TaskCellInteractor.swift */; };
		4888995D2C80E5EB00672CCD /* TaskCellPresenter.swift in Sources */ = {isa = PBXBuildFile; fileRef = 4888995C2C80E5EB00672CCD /* TaskCellPresenter.swift */; };
/* End PBXBuildFile section */

/* Begin PBXFileReference section */
		4842D1B02CE5FC1F00A5F246 /* BottomBarView.swift */ = {isa = PBXFileReference; lastKnownFileType = sourcecode.swift; path = BottomBarView.swift; sourceTree = "<group>"; };
		4842D1BD2CE8A85100A5F246 /* UIViewController+Ex.swift */ = {isa = PBXFileReference; lastKnownFileType = sourcecode.swift; path = "UIViewController+Ex.swift"; sourceTree = "<group>"; };
		4888990E2C7E28CF00672CCD /* ToDoList.app */ = {isa = PBXFileReference; explicitFileType = wrapper.application; includeInIndex = 0; path = ToDoList.app; sourceTree = BUILT_PRODUCTS_DIR; };
		488899112C7E28CF00672CCD /* AppDelegate.swift */ = {isa = PBXFileReference; lastKnownFileType = sourcecode.swift; path = AppDelegate.swift; sourceTree = "<group>"; };
		488899132C7E28CF00672CCD /* SceneDelegate.swift */ = {isa = PBXFileReference; lastKnownFileType = sourcecode.swift; path = SceneDelegate.swift; sourceTree = "<group>"; };
		488899152C7E28CF00672CCD /* TodosViewController.swift */ = {isa = PBXFileReference; lastKnownFileType = sourcecode.swift; path = TodosViewController.swift; sourceTree = "<group>"; };
		4888991B2C7E28CF00672CCD /* ToDoList.xcdatamodel */ = {isa = PBXFileReference; lastKnownFileType = wrapper.xcdatamodel; path = ToDoList.xcdatamodel; sourceTree = "<group>"; };
		4888991D2C7E28D100672CCD /* Assets.xcassets */ = {isa = PBXFileReference; lastKnownFileType = folder.assetcatalog; path = Assets.xcassets; sourceTree = "<group>"; };
		488899202C7E28D100672CCD /* Base */ = {isa = PBXFileReference; lastKnownFileType = file.storyboard; name = Base; path = Base.lproj/LaunchScreen.storyboard; sourceTree = "<group>"; };
		488899222C7E28D100672CCD /* Info.plist */ = {isa = PBXFileReference; lastKnownFileType = text.plist.xml; path = Info.plist; sourceTree = "<group>"; };
		4888992B2C7E2A7900672CCD /* ApiTask.swift */ = {isa = PBXFileReference; lastKnownFileType = sourcecode.swift; path = ApiTask.swift; sourceTree = "<group>"; };
		4888992F2C7E2AF400672CCD /* NetworkManager.swift */ = {isa = PBXFileReference; lastKnownFileType = sourcecode.swift; path = NetworkManager.swift; sourceTree = "<group>"; };
		488899312C7E2E6800672CCD /* Todos.swift */ = {isa = PBXFileReference; lastKnownFileType = sourcecode.swift; path = Todos.swift; sourceTree = "<group>"; };
		488899342C7E336500672CCD /* TaskViewController.swift */ = {isa = PBXFileReference; lastKnownFileType = sourcecode.swift; path = TaskViewController.swift; sourceTree = "<group>"; };
		488899392C7F0FD500672CCD /* Task+CoreDataClass.swift */ = {isa = PBXFileReference; lastKnownFileType = sourcecode.swift; path = "Task+CoreDataClass.swift"; sourceTree = "<group>"; };
		4888993D2C7F10AA00672CCD /* CoreDataManager.swift */ = {isa = PBXFileReference; lastKnownFileType = sourcecode.swift; path = CoreDataManager.swift; sourceTree = "<group>"; };
		488899402C7F2A4E00672CCD /* Date+Ex.swift */ = {isa = PBXFileReference; lastKnownFileType = sourcecode.swift; path = "Date+Ex.swift"; sourceTree = "<group>"; };
		488899422C7F2E8D00672CCD /* TaskCell.swift */ = {isa = PBXFileReference; lastKnownFileType = sourcecode.swift; path = TaskCell.swift; sourceTree = "<group>"; };
		488899442C7F33AA00672CCD /* CustomLabel.swift */ = {isa = PBXFileReference; lastKnownFileType = sourcecode.swift; path = CustomLabel.swift; sourceTree = "<group>"; };
		488899492C80B6F600672CCD /* TodosPresenter.swift */ = {isa = PBXFileReference; lastKnownFileType = sourcecode.swift; path = TodosPresenter.swift; sourceTree = "<group>"; };
		4888994B2C80B77000672CCD /* TodosRouter.swift */ = {isa = PBXFileReference; lastKnownFileType = sourcecode.swift; path = TodosRouter.swift; sourceTree = "<group>"; };
		4888994D2C80B7C000672CCD /* TodosInteractor.swift */ = {isa = PBXFileReference; lastKnownFileType = sourcecode.swift; path = TodosInteractor.swift; sourceTree = "<group>"; };
		488899502C80B9A000672CCD /* TodosModuleBuilder.swift */ = {isa = PBXFileReference; lastKnownFileType = sourcecode.swift; path = TodosModuleBuilder.swift; sourceTree = "<group>"; };
		488899522C80DBA700672CCD /* TaskInteractor.swift */ = {isa = PBXFileReference; lastKnownFileType = sourcecode.swift; path = TaskInteractor.swift; sourceTree = "<group>"; };
		488899542C80DBB400672CCD /* TaskPresenter.swift */ = {isa = PBXFileReference; lastKnownFileType = sourcecode.swift; path = TaskPresenter.swift; sourceTree = "<group>"; };
		488899562C80DBC100672CCD /* TaskRouter.swift */ = {isa = PBXFileReference; lastKnownFileType = sourcecode.swift; path = TaskRouter.swift; sourceTree = "<group>"; };
		488899582C80DBCF00672CCD /* TaskModuleBuilder.swift */ = {isa = PBXFileReference; lastKnownFileType = sourcecode.swift; path = TaskModuleBuilder.swift; sourceTree = "<group>"; };
		4888995A2C80E5DB00672CCD /* TaskCellInteractor.swift */ = {isa = PBXFileReference; lastKnownFileType = sourcecode.swift; path = TaskCellInteractor.swift; sourceTree = "<group>"; };
		4888995C2C80E5EB00672CCD /* TaskCellPresenter.swift */ = {isa = PBXFileReference; lastKnownFileType = sourcecode.swift; path = TaskCellPresenter.swift; sourceTree = "<group>"; };
/* End PBXFileReference section */

/* Begin PBXFrameworksBuildPhase section */
		4888990B2C7E28CF00672CCD /* Frameworks */ = {
			isa = PBXFrameworksBuildPhase;
			buildActionMask = 2147483647;
			files = (
			);
			runOnlyForDeploymentPostprocessing = 0;
		};
/* End PBXFrameworksBuildPhase section */

/* Begin PBXGroup section */
		488899052C7E28CF00672CCD = {
			isa = PBXGroup;
			children = (
				488899102C7E28CF00672CCD /* ToDoList */,
				4888990F2C7E28CF00672CCD /* Products */,
			);
			sourceTree = "<group>";
		};
		4888990F2C7E28CF00672CCD /* Products */ = {
			isa = PBXGroup;
			children = (
				4888990E2C7E28CF00672CCD /* ToDoList.app */,
			);
			name = Products;
			sourceTree = "<group>";
		};
		488899102C7E28CF00672CCD /* ToDoList */ = {
			isa = PBXGroup;
			children = (
				4888992D2C7E2AD400672CCD /* App */,
				4888992E2C7E2AE400672CCD /* Networking */,
				488899332C7E331F00672CCD /* CoreManager */,
				488899282C7E2A4F00672CCD /* Moduls */,
				488899362C7E37A900672CCD /* CustonUI */,
				4888993F2C7F2A3500672CCD /* Extensions */,
				4888991D2C7E28D100672CCD /* Assets.xcassets */,
				4888991F2C7E28D100672CCD /* LaunchScreen.storyboard */,
				488899222C7E28D100672CCD /* Info.plist */,
				4888991A2C7E28CF00672CCD /* ToDoList.xcdatamodeld */,
			);
			path = ToDoList;
			sourceTree = "<group>";
		};
		488899282C7E2A4F00672CCD /* Moduls */ = {
			isa = PBXGroup;
			children = (
				488899292C7E2A6B00672CCD /* View */,
				488899472C7F7F6D00672CCD /* Interactor */,
				488899482C7F7F8700672CCD /* Presenter */,
				488899462C7F7F6600672CCD /* Router */,
				4888994F2C80B96E00672CCD /* ModeluBuilder */,
			);
			path = Moduls;
			sourceTree = "<group>";
		};
		488899292C7E2A6B00672CCD /* View */ = {
			isa = PBXGroup;
			children = (
				488899152C7E28CF00672CCD /* TodosViewController.swift */,
				4842D1B02CE5FC1F00A5F246 /* BottomBarView.swift */,
				488899422C7F2E8D00672CCD /* TaskCell.swift */,
				488899342C7E336500672CCD /* TaskViewController.swift */,
			);
			path = View;
			sourceTree = "<group>";
		};
		4888992A2C7E2A7100672CCD /* Model */ = {
			isa = PBXGroup;
			children = (
				4888992B2C7E2A7900672CCD /* ApiTask.swift */,
				488899312C7E2E6800672CCD /* Todos.swift */,
			);
			path = Model;
			sourceTree = "<group>";
		};
		4888992D2C7E2AD400672CCD /* App */ = {
			isa = PBXGroup;
			children = (
				488899112C7E28CF00672CCD /* AppDelegate.swift */,
				488899132C7E28CF00672CCD /* SceneDelegate.swift */,
			);
			path = App;
			sourceTree = "<group>";
		};
		4888992E2C7E2AE400672CCD /* Networking */ = {
			isa = PBXGroup;
			children = (
				4888992A2C7E2A7100672CCD /* Model */,
				4888992F2C7E2AF400672CCD /* NetworkManager.swift */,
			);
			path = Networking;
			sourceTree = "<group>";
		};
		488899332C7E331F00672CCD /* CoreManager */ = {
			isa = PBXGroup;
			children = (
				488899392C7F0FD500672CCD /* Task+CoreDataClass.swift */,
				4888993D2C7F10AA00672CCD /* CoreDataManager.swift */,
			);
			path = CoreManager;
			sourceTree = "<group>";
		};
		488899362C7E37A900672CCD /* CustonUI */ = {
			isa = PBXGroup;
			children = (
				488899442C7F33AA00672CCD /* CustomLabel.swift */,
			);
			path = CustonUI;
			sourceTree = "<group>";
		};
		4888993F2C7F2A3500672CCD /* Extensions */ = {
			isa = PBXGroup;
			children = (
				488899402C7F2A4E00672CCD /* Date+Ex.swift */,
				4842D1BD2CE8A85100A5F246 /* UIViewController+Ex.swift */,
			);
			path = Extensions;
			sourceTree = "<group>";
		};
		488899462C7F7F6600672CCD /* Router */ = {
			isa = PBXGroup;
			children = (
				4888994B2C80B77000672CCD /* TodosRouter.swift */,
				488899562C80DBC100672CCD /* TaskRouter.swift */,
			);
			path = Router;
			sourceTree = "<group>";
		};
		488899472C7F7F6D00672CCD /* Interactor */ = {
			isa = PBXGroup;
			children = (
				4888994D2C80B7C000672CCD /* TodosInteractor.swift */,
				488899522C80DBA700672CCD /* TaskInteractor.swift */,
				4888995A2C80E5DB00672CCD /* TaskCellInteractor.swift */,
			);
			path = Interactor;
			sourceTree = "<group>";
		};
		488899482C7F7F8700672CCD /* Presenter */ = {
			isa = PBXGroup;
			children = (
				488899492C80B6F600672CCD /* TodosPresenter.swift */,
				488899542C80DBB400672CCD /* TaskPresenter.swift */,
				4888995C2C80E5EB00672CCD /* TaskCellPresenter.swift */,
			);
			path = Presenter;
			sourceTree = "<group>";
		};
		4888994F2C80B96E00672CCD /* ModeluBuilder */ = {
			isa = PBXGroup;
			children = (
				488899502C80B9A000672CCD /* TodosModuleBuilder.swift */,
				488899582C80DBCF00672CCD /* TaskModuleBuilder.swift */,
			);
			path = ModeluBuilder;
			sourceTree = "<group>";
		};
/* End PBXGroup section */

/* Begin PBXNativeTarget section */
		4888990D2C7E28CF00672CCD /* ToDoList */ = {
			isa = PBXNativeTarget;
			buildConfigurationList = 488899252C7E28D100672CCD /* Build configuration list for PBXNativeTarget "ToDoList" */;
			buildPhases = (
				4888990A2C7E28CF00672CCD /* Sources */,
				4888990B2C7E28CF00672CCD /* Frameworks */,
				4888990C2C7E28CF00672CCD /* Resources */,
			);
			buildRules = (
			);
			dependencies = (
			);
			name = ToDoList;
			productName = ToDoList;
			productReference = 4888990E2C7E28CF00672CCD /* ToDoList.app */;
			productType = "com.apple.product-type.application";
		};
/* End PBXNativeTarget section */

/* Begin PBXProject section */
		488899062C7E28CF00672CCD /* Project object */ = {
			isa = PBXProject;
			attributes = {
				BuildIndependentTargetsInParallel = 1;
				LastSwiftUpdateCheck = 1540;
				LastUpgradeCheck = 1540;
				TargetAttributes = {
					4888990D2C7E28CF00672CCD = {
						CreatedOnToolsVersion = 15.4;
					};
				};
			};
			buildConfigurationList = 488899092C7E28CF00672CCD /* Build configuration list for PBXProject "ToDoList" */;
			compatibilityVersion = "Xcode 14.0";
			developmentRegion = en;
			hasScannedForEncodings = 0;
			knownRegions = (
				en,
				Base,
			);
			mainGroup = 488899052C7E28CF00672CCD;
			productRefGroup = 4888990F2C7E28CF00672CCD /* Products */;
			projectDirPath = "";
			projectRoot = "";
			targets = (
				4888990D2C7E28CF00672CCD /* ToDoList */,
			);
		};
/* End PBXProject section */

/* Begin PBXResourcesBuildPhase section */
		4888990C2C7E28CF00672CCD /* Resources */ = {
			isa = PBXResourcesBuildPhase;
			buildActionMask = 2147483647;
			files = (
				4888991E2C7E28D100672CCD /* Assets.xcassets in Resources */,
				488899212C7E28D100672CCD /* Base in Resources */,
			);
			runOnlyForDeploymentPostprocessing = 0;
		};
/* End PBXResourcesBuildPhase section */

/* Begin PBXSourcesBuildPhase section */
		4888990A2C7E28CF00672CCD /* Sources */ = {
			isa = PBXSourcesBuildPhase;
			buildActionMask = 2147483647;
			files = (
				488899572C80DBC100672CCD /* TaskRouter.swift in Sources */,
				488899532C80DBA700672CCD /* TaskInteractor.swift in Sources */,
				488899322C7E2E6800672CCD /* Todos.swift in Sources */,
				4842D1B12CE5FC1F00A5F246 /* BottomBarView.swift in Sources */,
				488899302C7E2AF400672CCD /* NetworkManager.swift in Sources */,
				4888994A2C80B6F600672CCD /* TodosPresenter.swift in Sources */,
				488899452C7F33AA00672CCD /* CustomLabel.swift in Sources */,
				488899162C7E28CF00672CCD /* TodosViewController.swift in Sources */,
				4888995B2C80E5DB00672CCD /* TaskCellInteractor.swift in Sources */,
				4888994C2C80B77000672CCD /* TodosRouter.swift in Sources */,
				488899512C80B9A000672CCD /* TodosModuleBuilder.swift in Sources */,
				488899122C7E28CF00672CCD /* AppDelegate.swift in Sources */,
				4888994E2C80B7C000672CCD /* TodosInteractor.swift in Sources */,
				488899142C7E28CF00672CCD /* SceneDelegate.swift in Sources */,
				488899412C7F2A4E00672CCD /* Date+Ex.swift in Sources */,
				488899552C80DBB400672CCD /* TaskPresenter.swift in Sources */,
				488899352C7E336500672CCD /* TaskViewController.swift in Sources */,
				488899592C80DBCF00672CCD /* TaskModuleBuilder.swift in Sources */,
				4888992C2C7E2A7900672CCD /* ApiTask.swift in Sources */,
				4842D1BE2CE8A85100A5F246 /* UIViewController+Ex.swift in Sources */,
				4888993B2C7F0FD500672CCD /* Task+CoreDataClass.swift in Sources */,
				4888991C2C7E28CF00672CCD /* ToDoList.xcdatamodeld in Sources */,
				4888995D2C80E5EB00672CCD /* TaskCellPresenter.swift in Sources */,
				488899432C7F2E8D00672CCD /* TaskCell.swift in Sources */,
				4888993E2C7F10AA00672CCD /* CoreDataManager.swift in Sources */,
			);
			runOnlyForDeploymentPostprocessing = 0;
		};
/* End PBXSourcesBuildPhase section */

/* Begin PBXVariantGroup section */
		4888991F2C7E28D100672CCD /* LaunchScreen.storyboard */ = {
			isa = PBXVariantGroup;
			children = (
				488899202C7E28D100672CCD /* Base */,
			);
			name = LaunchScreen.storyboard;
			sourceTree = "<group>";
		};
/* End PBXVariantGroup section */

/* Begin XCBuildConfiguration section */
		488899232C7E28D100672CCD /* Debug */ = {
			isa = XCBuildConfiguration;
			buildSettings = {
				ALWAYS_SEARCH_USER_PATHS = NO;
				ASSETCATALOG_COMPILER_GENERATE_SWIFT_ASSET_SYMBOL_EXTENSIONS = YES;
				CLANG_ANALYZER_NONNULL = YES;
				CLANG_ANALYZER_NUMBER_OBJECT_CONVERSION = YES_AGGRESSIVE;
				CLANG_CXX_LANGUAGE_STANDARD = "gnu++20";
				CLANG_ENABLE_MODULES = YES;
				CLANG_ENABLE_OBJC_ARC = YES;
				CLANG_ENABLE_OBJC_WEAK = YES;
				CLANG_WARN_BLOCK_CAPTURE_AUTORELEASING = YES;
				CLANG_WARN_BOOL_CONVERSION = YES;
				CLANG_WARN_COMMA = YES;
				CLANG_WARN_CONSTANT_CONVERSION = YES;
				CLANG_WARN_DEPRECATED_OBJC_IMPLEMENTATIONS = YES;
				CLANG_WARN_DIRECT_OBJC_ISA_USAGE = YES_ERROR;
				CLANG_WARN_DOCUMENTATION_COMMENTS = YES;
				CLANG_WARN_EMPTY_BODY = YES;
				CLANG_WARN_ENUM_CONVERSION = YES;
				CLANG_WARN_INFINITE_RECURSION = YES;
				CLANG_WARN_INT_CONVERSION = YES;
				CLANG_WARN_NON_LITERAL_NULL_CONVERSION = YES;
				CLANG_WARN_OBJC_IMPLICIT_RETAIN_SELF = YES;
				CLANG_WARN_OBJC_LITERAL_CONVERSION = YES;
				CLANG_WARN_OBJC_ROOT_CLASS = YES_ERROR;
				CLANG_WARN_QUOTED_INCLUDE_IN_FRAMEWORK_HEADER = YES;
				CLANG_WARN_RANGE_LOOP_ANALYSIS = YES;
				CLANG_WARN_STRICT_PROTOTYPES = YES;
				CLANG_WARN_SUSPICIOUS_MOVE = YES;
				CLANG_WARN_UNGUARDED_AVAILABILITY = YES_AGGRESSIVE;
				CLANG_WARN_UNREACHABLE_CODE = YES;
				CLANG_WARN__DUPLICATE_METHOD_MATCH = YES;
				COPY_PHASE_STRIP = NO;
				DEBUG_INFORMATION_FORMAT = dwarf;
				ENABLE_STRICT_OBJC_MSGSEND = YES;
				ENABLE_TESTABILITY = YES;
				ENABLE_USER_SCRIPT_SANDBOXING = YES;
				GCC_C_LANGUAGE_STANDARD = gnu17;
				GCC_DYNAMIC_NO_PIC = NO;
				GCC_NO_COMMON_BLOCKS = YES;
				GCC_OPTIMIZATION_LEVEL = 0;
				GCC_PREPROCESSOR_DEFINITIONS = (
					"DEBUG=1",
					"$(inherited)",
				);
				GCC_WARN_64_TO_32_BIT_CONVERSION = YES;
				GCC_WARN_ABOUT_RETURN_TYPE = YES_ERROR;
				GCC_WARN_UNDECLARED_SELECTOR = YES;
				GCC_WARN_UNINITIALIZED_AUTOS = YES_AGGRESSIVE;
				GCC_WARN_UNUSED_FUNCTION = YES;
				GCC_WARN_UNUSED_VARIABLE = YES;
				IPHONEOS_DEPLOYMENT_TARGET = 17.5;
				LOCALIZATION_PREFERS_STRING_CATALOGS = YES;
				MTL_ENABLE_DEBUG_INFO = INCLUDE_SOURCE;
				MTL_FAST_MATH = YES;
				ONLY_ACTIVE_ARCH = YES;
				SDKROOT = iphoneos;
				SWIFT_ACTIVE_COMPILATION_CONDITIONS = "DEBUG $(inherited)";
				SWIFT_OPTIMIZATION_LEVEL = "-Onone";
			};
			name = Debug;
		};
		488899242C7E28D100672CCD /* Release */ = {
			isa = XCBuildConfiguration;
			buildSettings = {
				ALWAYS_SEARCH_USER_PATHS = NO;
				ASSETCATALOG_COMPILER_GENERATE_SWIFT_ASSET_SYMBOL_EXTENSIONS = YES;
				CLANG_ANALYZER_NONNULL = YES;
				CLANG_ANALYZER_NUMBER_OBJECT_CONVERSION = YES_AGGRESSIVE;
				CLANG_CXX_LANGUAGE_STANDARD = "gnu++20";
				CLANG_ENABLE_MODULES = YES;
				CLANG_ENABLE_OBJC_ARC = YES;
				CLANG_ENABLE_OBJC_WEAK = YES;
				CLANG_WARN_BLOCK_CAPTURE_AUTORELEASING = YES;
				CLANG_WARN_BOOL_CONVERSION = YES;
				CLANG_WARN_COMMA = YES;
				CLANG_WARN_CONSTANT_CONVERSION = YES;
				CLANG_WARN_DEPRECATED_OBJC_IMPLEMENTATIONS = YES;
				CLANG_WARN_DIRECT_OBJC_ISA_USAGE = YES_ERROR;
				CLANG_WARN_DOCUMENTATION_COMMENTS = YES;
				CLANG_WARN_EMPTY_BODY = YES;
				CLANG_WARN_ENUM_CONVERSION = YES;
				CLANG_WARN_INFINITE_RECURSION = YES;
				CLANG_WARN_INT_CONVERSION = YES;
				CLANG_WARN_NON_LITERAL_NULL_CONVERSION = YES;
				CLANG_WARN_OBJC_IMPLICIT_RETAIN_SELF = YES;
				CLANG_WARN_OBJC_LITERAL_CONVERSION = YES;
				CLANG_WARN_OBJC_ROOT_CLASS = YES_ERROR;
				CLANG_WARN_QUOTED_INCLUDE_IN_FRAMEWORK_HEADER = YES;
				CLANG_WARN_RANGE_LOOP_ANALYSIS = YES;
				CLANG_WARN_STRICT_PROTOTYPES = YES;
				CLANG_WARN_SUSPICIOUS_MOVE = YES;
				CLANG_WARN_UNGUARDED_AVAILABILITY = YES_AGGRESSIVE;
				CLANG_WARN_UNREACHABLE_CODE = YES;
				CLANG_WARN__DUPLICATE_METHOD_MATCH = YES;
				COPY_PHASE_STRIP = NO;
				DEBUG_INFORMATION_FORMAT = "dwarf-with-dsym";
				ENABLE_NS_ASSERTIONS = NO;
				ENABLE_STRICT_OBJC_MSGSEND = YES;
				ENABLE_USER_SCRIPT_SANDBOXING = YES;
				GCC_C_LANGUAGE_STANDARD = gnu17;
				GCC_NO_COMMON_BLOCKS = YES;
				GCC_WARN_64_TO_32_BIT_CONVERSION = YES;
				GCC_WARN_ABOUT_RETURN_TYPE = YES_ERROR;
				GCC_WARN_UNDECLARED_SELECTOR = YES;
				GCC_WARN_UNINITIALIZED_AUTOS = YES_AGGRESSIVE;
				GCC_WARN_UNUSED_FUNCTION = YES;
				GCC_WARN_UNUSED_VARIABLE = YES;
				IPHONEOS_DEPLOYMENT_TARGET = 17.5;
				LOCALIZATION_PREFERS_STRING_CATALOGS = YES;
				MTL_ENABLE_DEBUG_INFO = NO;
				MTL_FAST_MATH = YES;
				SDKROOT = iphoneos;
				SWIFT_COMPILATION_MODE = wholemodule;
				VALIDATE_PRODUCT = YES;
			};
			name = Release;
		};
		488899262C7E28D100672CCD /* Debug */ = {
			isa = XCBuildConfiguration;
			buildSettings = {
				ASSETCATALOG_COMPILER_APPICON_NAME = AppIcon;
				ASSETCATALOG_COMPILER_GLOBAL_ACCENT_COLOR_NAME = AccentColor;
				CODE_SIGN_STYLE = Automatic;
				CURRENT_PROJECT_VERSION = 1;
				DEVELOPMENT_TEAM = TUPKULQZ9B;
				GENERATE_INFOPLIST_FILE = YES;
				INFOPLIST_FILE = ToDoList/Info.plist;
				INFOPLIST_KEY_CFBundleDisplayName = ToDo;
				INFOPLIST_KEY_UIApplicationSupportsIndirectInputEvents = YES;
				INFOPLIST_KEY_UILaunchStoryboardName = LaunchScreen;
				INFOPLIST_KEY_UISupportedInterfaceOrientations = UIInterfaceOrientationPortrait;
				INFOPLIST_KEY_UISupportedInterfaceOrientations_iPad = "UIInterfaceOrientationLandscapeLeft UIInterfaceOrientationLandscapeRight UIInterfaceOrientationPortrait UIInterfaceOrientationPortraitUpsideDown";
				IPHONEOS_DEPLOYMENT_TARGET = 16.0;
				LD_RUNPATH_SEARCH_PATHS = (
					"$(inherited)",
					"@executable_path/Frameworks",
				);
				MARKETING_VERSION = 1.0;
				PRODUCT_BUNDLE_IDENTIFIER = com.sivozelezov.ToDoList;
				PRODUCT_NAME = "$(TARGET_NAME)";
				SWIFT_EMIT_LOC_STRINGS = YES;
				SWIFT_VERSION = 5.0;
				TARGETED_DEVICE_FAMILY = "1,2";
			};
			name = Debug;
		};
		488899272C7E28D100672CCD /* Release */ = {
			isa = XCBuildConfiguration;
			buildSettings = {
				ASSETCATALOG_COMPILER_APPICON_NAME = AppIcon;
				ASSETCATALOG_COMPILER_GLOBAL_ACCENT_COLOR_NAME = AccentColor;
				CODE_SIGN_STYLE = Automatic;
				CURRENT_PROJECT_VERSION = 1;
				DEVELOPMENT_TEAM = TUPKULQZ9B;
				GENERATE_INFOPLIST_FILE = YES;
				INFOPLIST_FILE = ToDoList/Info.plist;
				INFOPLIST_KEY_CFBundleDisplayName = ToDo;
				INFOPLIST_KEY_UIApplicationSupportsIndirectInputEvents = YES;
				INFOPLIST_KEY_UILaunchStoryboardName = LaunchScreen;
				INFOPLIST_KEY_UISupportedInterfaceOrientations = UIInterfaceOrientationPortrait;
				INFOPLIST_KEY_UISupportedInterfaceOrientations_iPad = "UIInterfaceOrientationLandscapeLeft UIInterfaceOrientationLandscapeRight UIInterfaceOrientationPortrait UIInterfaceOrientationPortraitUpsideDown";
				IPHONEOS_DEPLOYMENT_TARGET = 16.0;
				LD_RUNPATH_SEARCH_PATHS = (
					"$(inherited)",
					"@executable_path/Frameworks",
				);
				MARKETING_VERSION = 1.0;
				PRODUCT_BUNDLE_IDENTIFIER = com.sivozelezov.ToDoList;
				PRODUCT_NAME = "$(TARGET_NAME)";
				SWIFT_EMIT_LOC_STRINGS = YES;
				SWIFT_VERSION = 5.0;
				TARGETED_DEVICE_FAMILY = "1,2";
			};
			name = Release;
		};
/* End XCBuildConfiguration section */

/* Begin XCConfigurationList section */
		488899092C7E28CF00672CCD /* Build configuration list for PBXProject "ToDoList" */ = {
			isa = XCConfigurationList;
			buildConfigurations = (
				488899232C7E28D100672CCD /* Debug */,
				488899242C7E28D100672CCD /* Release */,
			);
			defaultConfigurationIsVisible = 0;
			defaultConfigurationName = Release;
		};
		488899252C7E28D100672CCD /* Build configuration list for PBXNativeTarget "ToDoList" */ = {
			isa = XCConfigurationList;
			buildConfigurations = (
				488899262C7E28D100672CCD /* Debug */,
				488899272C7E28D100672CCD /* Release */,
			);
			defaultConfigurationIsVisible = 0;
			defaultConfigurationName = Release;
		};
/* End XCConfigurationList section */

/* Begin XCVersionGroup section */
		4888991A2C7E28CF00672CCD /* ToDoList.xcdatamodeld */ = {
			isa = XCVersionGroup;
			children = (
				4888991B2C7E28CF00672CCD /* ToDoList.xcdatamodel */,
			);
			currentVersion = 4888991B2C7E28CF00672CCD /* ToDoList.xcdatamodel */;
			path = ToDoList.xcdatamodeld;
			sourceTree = "<group>";
			versionGroupType = wrapper.xcdatamodel;
		};
/* End XCVersionGroup section */
	};
	rootObject = 488899062C7E28CF00672CCD /* Project object */;
}
